
Microsoft Visual Studio Solution File, Format Version 12.00
# Visual Studio Version 17
VisualStudioVersion = 17.14.36908.2
MinimumVisualStudioVersion = 10.0.40219.1
Project("{FAE04EC0-301F-11D3-BF4B-00C04F79EFBC}") = "StudentFee.API", "StudentFee.API.csproj", "{877AD629-6CDA-4588-A2BA-0686BE43361E}"
EndProject
Project("{FAE04EC0-301F-11D3-BF4B-00C04F79EFBC}") = "StudentFee.Core", "..\StudentFee.Core\StudentFee.Core.csproj", "{DD1892CF-021A-4586-AA6D-3B22C020EA21}"
EndProject
Project("{FAE04EC0-301F-11D3-BF4B-00C04F79EFBC}") = "StudentFee.Infrastructure", "..\StudentFee.Infrastructure\StudentFee.Infrastructure.csproj", "{499357B1-E1E6-4649-91E7-5D435F35E098}"
EndProject
Project("{2150E333-8FDC-42A3-9474-1A3956D46DE8}") = ".github", ".github", "{02EA681E-C7D8-13C7-8484-4AC65E1B71E8}"
EndProject
Project("{2150E333-8FDC-42A3-9474-1A3956D46DE8}") = "workflows", "workflows", "{1AE52D23-3A37-48F8-85D3-1584985A1153}"
	ProjectSection(SolutionItems) = preProject
		deploy.yml = deploy.yml
	EndProjectSection
EndProject
Global
	GlobalSection(SolutionConfigurationPlatforms) = preSolution
		Debug|Any CPU = Debug|Any CPU
		Release|Any CPU = Release|Any CPU
	EndGlobalSection
	GlobalSection(ProjectConfigurationPlatforms) = postSolution
		{877AD629-6CDA-4588-A2BA-0686BE43361E}.Debug|Any CPU.ActiveCfg = Debug|Any CPU
		{877AD629-6CDA-4588-A2BA-0686BE43361E}.Debug|Any CPU.Build.0 = Debug|Any CPU
		{877AD629-6CDA-4588-A2BA-0686BE43361E}.Release|Any CPU.ActiveCfg = Release|Any CPU
		{877AD629-6CDA-4588-A2BA-0686BE43361E}.Release|Any CPU.Build.0 = Release|Any CPU
		{DD1892CF-021A-4586-AA6D-3B22C020EA21}.Debug|Any CPU.ActiveCfg = Debug|Any CPU
		{DD1892CF-021A-4586-AA6D-3B22C020EA21}.Debug|Any CPU.Build.0 = Debug|Any CPU
		{DD1892CF-021A-4586-AA6D-3B22C020EA21}.Release|Any CPU.ActiveCfg = Release|Any CPU
		{DD1892CF-021A-4586-AA6D-3B22C020EA21}.Release|Any CPU.Build.0 = Release|Any CPU
		{499357B1-E1E6-4649-91E7-5D435F35E098}.Debug|Any CPU.ActiveCfg = Debug|Any CPU
		{499357B1-E1E6-4649-91E7-5D435F35E098}.Debug|Any CPU.Build.0 = Debug|Any CPU
		{499357B1-E1E6-4649-91E7-5D435F35E098}.Release|Any CPU.ActiveCfg = Release|Any CPU
		{499357B1-E1E6-4649-91E7-5D435F35E098}.Release|Any CPU.Build.0 = Release|Any CPU
	EndGlobalSection
	GlobalSection(SolutionProperties) = preSolution
		HideSolutionNode = FALSE
	EndGlobalSection
	GlobalSection(NestedProjects) = preSolution
		{1AE52D23-3A37-48F8-85D3-1584985A1153} = {02EA681E-C7D8-13C7-8484-4AC65E1B71E8}
	EndGlobalSection
	GlobalSection(ExtensibilityGlobals) = postSolution
		SolutionGuid = {249E3F2E-F2FE-4F7A-9E59-8652C3AFB2E4}
	EndGlobalSection
EndGlobal
